// !$*UTF8*$!
{
	archiveVersion = 1;
	classes = {
	};
	objectVersion = 50;
	objects = {

/* Begin PBXBuildFile section */
		BF1A6D0F24D52D3D00106131 /* AppDelegate.swift in Sources */ = {isa = PBXBuildFile; fileRef = BF1A6D0E24D52D3D00106131 /* AppDelegate.swift */; };
		BF1A6D1124D52D3D00106131 /* SceneDelegate.swift in Sources */ = {isa = PBXBuildFile; fileRef = BF1A6D1024D52D3D00106131 /* SceneDelegate.swift */; };
		BF1A6D1324D52D3D00106131 /* ViewController.swift in Sources */ = {isa = PBXBuildFile; fileRef = BF1A6D1224D52D3D00106131 /* ViewController.swift */; };
		BF1A6D1624D52D3D00106131 /* Main.storyboard in Resources */ = {isa = PBXBuildFile; fileRef = BF1A6D1424D52D3D00106131 /* Main.storyboard */; };
		BF1A6D1824D52D3E00106131 /* Assets.xcassets in Resources */ = {isa = PBXBuildFile; fileRef = BF1A6D1724D52D3E00106131 /* Assets.xcassets */; };
		BF1A6D1B24D52D3E00106131 /* LaunchScreen.storyboard in Resources */ = {isa = PBXBuildFile; fileRef = BF1A6D1924D52D3E00106131 /* LaunchScreen.storyboard */; };
/* End PBXBuildFile section */

/* Begin PBXFileReference section */
		BF1A6D0B24D52D3D00106131 /* magic-8-ball.app */ = {isa = PBXFileReference; explicitFileType = wrapper.application; includeInIndex = 0; path = "magic-8-ball.app"; sourceTree = BUILT_PRODUCTS_DIR; };
		BF1A6D0E24D52D3D00106131 /* AppDelegate.swift */ = {isa = PBXFileReference; lastKnownFileType = sourcecode.swift; path = AppDelegate.swift; sourceTree = "<group>"; };
		BF1A6D1024D52D3D00106131 /* SceneDelegate.swift */ = {isa = PBXFileReference; lastKnownFileType = sourcecode.swift; path = SceneDelegate.swift; sourceTree = "<group>"; };
		BF1A6D1224D52D3D00106131 /* ViewController.swift */ = {isa = PBXFileReference; lastKnownFileType = sourcecode.swift; path = ViewController.swift; sourceTree = "<group>"; };
		BF1A6D1524D52D3D00106131 /* Base */ = {isa = PBXFileReference; lastKnownFileType = file.storyboard; name = Base; path = Base.lproj/Main.storyboard; sourceTree = "<group>"; };
		BF1A6D1724D52D3E00106131 /* Assets.xcassets */ = {isa = PBXFileReference; lastKnownFileType = folder.assetcatalog; path = Assets.xcassets; sourceTree = "<group>"; };
		BF1A6D1A24D52D3E00106131 /* Base */ = {isa = PBXFileReference; lastKnownFileType = file.storyboard; name = Base; path = Base.lproj/LaunchScreen.storyboard; sourceTree = "<group>"; };
		BF1A6D1C24D52D3E00106131 /* Info.plist */ = {isa = PBXFileReference; lastKnownFileType = text.plist.xml; path = Info.plist; sourceTree = "<group>"; };
/* End PBXFileReference section */

/* Begin PBXFrameworksBuildPhase section */
		BF1A6D0824D52D3D00106131 /* Frameworks */ = {
			isa = PBXFrameworksBuildPhase;
			buildActionMask = 2147483647;
			files = (
			);
			runOnlyForDeploymentPostprocessing = 0;
		};
/* End PBXFrameworksBuildPhase section */

/* Begin PBXGroup section */
		BF1A6D0224D52D3D00106131 = {
			isa = PBXGroup;
			children = (
				BF1A6D0D24D52D3D00106131 /* magic-8-ball */,
				BF1A6D0C24D52D3D00106131 /* Products */,
			);
			sourceTree = "<group>";
		};
		BF1A6D0C24D52D3D00106131 /* Products */ = {
			isa = PBXGroup;
			children = (
				BF1A6D0B24D52D3D00106131 /* magic-8-ball.app */,
			);
			name = Products;
			sourceTree = "<group>";
		};
		BF1A6D0D24D52D3D00106131 /* magic-8-ball */ = {
			isa = PBXGroup;
			children = (
				BF1A6D0E24D52D3D00106131 /* AppDelegate.swift */,
				BF1A6D1024D52D3D00106131 /* SceneDelegate.swift */,
				BF1A6D1224D52D3D00106131 /* ViewController.swift */,
				BF1A6D1424D52D3D00106131 /* Main.storyboard */,
				BF1A6D1724D52D3E00106131 /* Assets.xcassets */,
				BF1A6D1924D52D3E00106131 /* LaunchScreen.storyboard */,
				BF1A6D1C24D52D3E00106131 /* Info.plist */,
			);
			path = "magic-8-ball";
			sourceTree = "<group>";
		};
/* End PBXGroup section */

/* Begin PBXNativeTarget section */
		BF1A6D0A24D52D3D00106131 /* magic-8-ball */ = {
			isa = PBXNativeTarget;
			buildConfigurationList = BF1A6D1F24D52D3E00106131 /* Build configuration list for PBXNativeTarget "magic-8-ball" */;
			buildPhases = (
				BF1A6D0724D52D3D00106131 /* Sources */,
				BF1A6D0824D52D3D00106131 /* Frameworks */,
				BF1A6D0924D52D3D00106131 /* Resources */,
			);
			buildRules = (
			);
			dependencies = (
			);
			name = "magic-8-ball";
			productName = "magic-8-ball";
			productReference = BF1A6D0B24D52D3D00106131 /* magic-8-ball.app */;
			productType = "com.apple.product-type.application";
		};
/* End PBXNativeTarget section */

/* Begin PBXProject section */
		BF1A6D0324D52D3D00106131 /* Project object */ = {
			isa = PBXProject;
			attributes = {
				LastSwiftUpdateCheck = 1160;
				LastUpgradeCheck = 1160;
				ORGANIZATIONNAME = "Guido Asbun";
				TargetAttributes = {
					BF1A6D0A24D52D3D00106131 = {
						CreatedOnToolsVersion = 11.6;
					};
				};
			};
			buildConfigurationList = BF1A6D0624D52D3D00106131 /* Build configuration list for PBXProject "magic-8-ball" */;
			compatibilityVersion = "Xcode 9.3";
			developmentRegion = en;
			hasScannedForEncodings = 0;
			knownRegions = (
				en,
				Base,
			);
			mainGroup = BF1A6D0224D52D3D00106131;
			productRefGroup = BF1A6D0C24D52D3D00106131 /* Products */;
			projectDirPath = "";
			projectRoot = "";
			targets = (
				BF1A6D0A24D52D3D00106131 /* magic-8-ball */,
			);
		};
/* End PBXProject section */

/* Begin PBXResourcesBuildPhase section */
		BF1A6D0924D52D3D00106131 /* Resources */ = {
			isa = PBXResourcesBuildPhase;
			buildActionMask = 2147483647;
			files = (
				BF1A6D1B24D52D3E00106131 /* LaunchScreen.storyboard in Resources */,
				BF1A6D1824D52D3E00106131 /* Assets.xcassets in Resources */,
				BF1A6D1624D52D3D00106131 /* Main.storyboard in Resources */,
			);
			runOnlyForDeploymentPostprocessing = 0;
		};
/* End PBXResourcesBuildPhase section */

/* Begin PBXSourcesBuildPhase section */
		BF1A6D0724D52D3D00106131 /* Sources */ = {
			isa = PBXSourcesBuildPhase;
			buildActionMask = 2147483647;
			files = (
				BF1A6D1324D52D3D00106131 /* ViewController.swift in Sources */,
				BF1A6D0F24D52D3D00106131 /* AppDelegate.swift in Sources */,
				BF1A6D1124D52D3D00106131 /* SceneDelegate.swift in Sources */,
			);
			runOnlyForDeploymentPostprocessing = 0;
		};
/* End PBXSourcesBuildPhase section */

/* Begin PBXVariantGroup section */
		BF1A6D1424D52D3D00106131 /* Main.storyboard */ = {
			isa = PBXVariantGroup;
			children = (
				BF1A6D1524D52D3D00106131 /* Base */,
			);
			name = Main.storyboard;
			sourceTree = "<group>";
		};
		BF1A6D1924D52D3E00106131 /* LaunchScreen.storyboard */ = {
			isa = PBXVariantGroup;
			children = (
				BF1A6D1A24D52D3E00106131 /* Base */,
			);
			name = LaunchScreen.storyboard;
			sourceTree = "<group>";
		};
/* End PBXVariantGroup section */

/* Begin XCBuildConfiguration section */
		BF1A6D1D24D52D3E00106131 /* Debug */ = {
			isa = XCBuildConfiguration;
			buildSettings = {
				ALWAYS_SEARCH_USER_PATHS = NO;
				CLANG_ANALYZER_NONNULL = YES;
				CLANG_ANALYZER_NUMBER_OBJECT_CONVERSION = YES_AGGRESSIVE;
				CLANG_CXX_LANGUAGE_STANDARD = "gnu++14";
				CLANG_CXX_LIBRARY = "libc++";
				CLANG_ENABLE_MODULES = YES;
				CLANG_ENABLE_OBJC_ARC = YES;
				CLANG_ENABLE_OBJC_WEAK = YES;
				CLANG_WARN_BLOCK_CAPTURE_AUTORELEASING = YES;
				CLANG_WARN_BOOL_CONVERSION = YES;
				CLANG_WARN_COMMA = YES;
				CLANG_WARN_CONSTANT_CONVERSION = YES;
				CLANG_WARN_DEPRECATED_OBJC_IMPLEMENTATIONS = YES;
				CLANG_WARN_DIRECT_OBJC_ISA_USAGE = YES_ERROR;
				CLANG_WARN_DOCUMENTATION_COMMENTS = YES;
				CLANG_WARN_EMPTY_BODY = YES;
				CLANG_WARN_ENUM_CONVERSION = YES;
				CLANG_WARN_INFINITE_RECURSION = YES;
				CLANG_WARN_INT_CONVERSION = YES;
				CLANG_WARN_NON_LITERAL_NULL_CONVERSION = YES;
				CLANG_WARN_OBJC_IMPLICIT_RETAIN_SELF = YES;
				CLANG_WARN_OBJC_LITERAL_CONVERSION = YES;
				CLANG_WARN_OBJC_ROOT_CLASS = YES_ERROR;
				CLANG_WARN_RANGE_LOOP_ANALYSIS = YES;
				CLANG_WARN_STRICT_PROTOTYPES = YES;
				CLANG_WARN_SUSPICIOUS_MOVE = YES;
				CLANG_WARN_UNGUARDED_AVAILABILITY = YES_AGGRESSIVE;
				CLANG_WARN_UNREACHABLE_CODE = YES;
				CLANG_WARN__DUPLICATE_METHOD_MATCH = YES;
				COPY_PHASE_STRIP = NO;
				DEBUG_INFORMATION_FORMAT = dwarf;
				ENABLE_STRICT_OBJC_MSGSEND = YES;
				ENABLE_TESTABILITY = YES;
				GCC_C_LANGUAGE_STANDARD = gnu11;
				GCC_DYNAMIC_NO_PIC = NO;
				GCC_NO_COMMON_BLOCKS = YES;
				GCC_OPTIMIZATION_LEVEL = 0;
				GCC_PREPROCESSOR_DEFINITIONS = (
					"DEBUG=1",
					"$(inherited)",
				);
				GCC_WARN_64_TO_32_BIT_CONVERSION = YES;
				GCC_WARN_ABOUT_RETURN_TYPE = YES_ERROR;
				GCC_WARN_UNDECLARED_SELECTOR = YES;
				GCC_WARN_UNINITIALIZED_AUTOS = YES_AGGRESSIVE;
				GCC_WARN_UNUSED_FUNCTION = YES;
				GCC_WARN_UNUSED_VARIABLE = YES;
				IPHONEOS_DEPLOYMENT_TARGET = 13.6;
				MTL_ENABLE_DEBUG_INFO = INCLUDE_SOURCE;
				MTL_FAST_MATH = YES;
				ONLY_ACTIVE_ARCH = YES;
				SDKROOT = iphoneos;
				SWIFT_ACTIVE_COMPILATION_CONDITIONS = DEBUG;
				SWIFT_OPTIMIZATION_LEVEL = "-Onone";
			};
			name = Debug;
		};
		BF1A6D1E24D52D3E00106131 /* Release */ = {
			isa = XCBuildConfiguration;
			buildSettings = {
				ALWAYS_SEARCH_USER_PATHS = NO;
				CLANG_ANALYZER_NONNULL = YES;
				CLANG_ANALYZER_NUMBER_OBJECT_CONVERSION = YES_AGGRESSIVE;
				CLANG_CXX_LANGUAGE_STANDARD = "gnu++14";
				CLANG_CXX_LIBRARY = "libc++";
				CLANG_ENABLE_MODULES = YES;
				CLANG_ENABLE_OBJC_ARC = YES;
				CLANG_ENABLE_OBJC_WEAK = YES;
				CLANG_WARN_BLOCK_CAPTURE_AUTORELEASING = YES;
				CLANG_WARN_BOOL_CONVERSION = YES;
				CLANG_WARN_COMMA = YES;
				CLANG_WARN_CONSTANT_CONVERSION = YES;
				CLANG_WARN_DEPRECATED_OBJC_IMPLEMENTATIONS = YES;
				CLANG_WARN_DIRECT_OBJC_ISA_USAGE = YES_ERROR;
				CLANG_WARN_DOCUMENTATION_COMMENTS = YES;
				CLANG_WARN_EMPTY_BODY = YES;
				CLANG_WARN_ENUM_CONVERSION = YES;
				CLANG_WARN_INFINITE_RECURSION = YES;
				CLANG_WARN_INT_CONVERSION = YES;
				CLANG_WARN_NON_LITERAL_NULL_CONVERSION = YES;
				CLANG_WARN_OBJC_IMPLICIT_RETAIN_SELF = YES;
				CLANG_WARN_OBJC_LITERAL_CONVERSION = YES;
				CLANG_WARN_OBJC_ROOT_CLASS = YES_ERROR;
				CLANG_WARN_RANGE_LOOP_ANALYSIS = YES;
				CLANG_WARN_STRICT_PROTOTYPES = YES;
				CLANG_WARN_SUSPICIOUS_MOVE = YES;
				CLANG_WARN_UNGUARDED_AVAILABILITY = YES_AGGRESSIVE;
				CLANG_WARN_UNREACHABLE_CODE = YES;
				CLANG_WARN__DUPLICATE_METHOD_MATCH = YES;
				COPY_PHASE_STRIP = NO;
				DEBUG_INFORMATION_FORMAT = "dwarf-with-dsym";
				ENABLE_NS_ASSERTIONS = NO;
				ENABLE_STRICT_OBJC_MSGSEND = YES;
				GCC_C_LANGUAGE_STANDARD = gnu11;
				GCC_NO_COMMON_BLOCKS = YES;
				GCC_WARN_64_TO_32_BIT_CONVERSION = YES;
				GCC_WARN_ABOUT_RETURN_TYPE = YES_ERROR;
				GCC_WARN_UNDECLARED_SELECTOR = YES;
				GCC_WARN_UNINITIALIZED_AUTOS = YES_AGGRESSIVE;
				GCC_WARN_UNUSED_FUNCTION = YES;
				GCC_WARN_UNUSED_VARIABLE = YES;
				IPHONEOS_DEPLOYMENT_TARGET = 13.6;
				MTL_ENABLE_DEBUG_INFO = NO;
				MTL_FAST_MATH = YES;
				SDKROOT = iphoneos;
				SWIFT_COMPILATION_MODE = wholemodule;
				SWIFT_OPTIMIZATION_LEVEL = "-O";
				VALIDATE_PRODUCT = YES;
			};
			name = Release;
		};
		BF1A6D2024D52D3E00106131 /* Debug */ = {
			isa = XCBuildConfiguration;
			buildSettings = {
				ASSETCATALOG_COMPILER_APPICON_NAME = AppIcon;
				CODE_SIGN_STYLE = Automatic;
				DEVELOPMENT_TEAM = CDNAK72948;
				INFOPLIST_FILE = "magic-8-ball/Info.plist";
				LD_RUNPATH_SEARCH_PATHS = (
					"$(inherited)",
					"@executable_path/Frameworks",
				);
				PRODUCT_BUNDLE_IDENTIFIER = "com.guido-asbun.magic-8-ball";
				PRODUCT_NAME = "$(TARGET_NAME)";
				SWIFT_VERSION = 5.0;
				TARGETED_DEVICE_FAMILY = "1,2";
			};
			name = Debug;
		};
		BF1A6D2124D52D3E00106131 /* Release */ = {
			isa = XCBuildConfiguration;
			buildSettings = {
				ASSETCATALOG_COMPILER_APPICON_NAME = AppIcon;
				CODE_SIGN_STYLE = Automatic;
				DEVELOPMENT_TEAM = CDNAK72948;
				INFOPLIST_FILE = "magic-8-ball/Info.plist";
				LD_RUNPATH_SEARCH_PATHS = (
					"$(inherited)",
					"@executable_path/Frameworks",
				);
				PRODUCT_BUNDLE_IDENTIFIER = "com.guido-asbun.magic-8-ball";
				PRODUCT_NAME = "$(TARGET_NAME)";
				SWIFT_VERSION = 5.0;
				TARGETED_DEVICE_FAMILY = "1,2";
			};
			name = Release;
		};
/* End XCBuildConfiguration section */

/* Begin XCConfigurationList section */
		BF1A6D0624D52D3D00106131 /* Build configuration list for PBXProject "magic-8-ball" */ = {
			isa = XCConfigurationList;
			buildConfigurations = (
				BF1A6D1D24D52D3E00106131 /* Debug */,
				BF1A6D1E24D52D3E00106131 /* Release */,
			);
			defaultConfigurationIsVisible = 0;
			defaultConfigurationName = Release;
		};
		BF1A6D1F24D52D3E00106131 /* Build configuration list for PBXNativeTarget "magic-8-ball" */ = {
			isa = XCConfigurationList;
			buildConfigurations = (
				BF1A6D2024D52D3E00106131 /* Debug */,
				BF1A6D2124D52D3E00106131 /* Release */,
			);
			defaultConfigurationIsVisible = 0;
			defaultConfigurationName = Release;
		};
/* End XCConfigurationList section */
	};
	rootObject = BF1A6D0324D52D3D00106131 /* Project object */;
}
